Microsoft Visual Studio Solution File, Format Version 11.00
# Visual Studio 2008

Project("{D2F47960-FB8E-041A-9530-50C975362D3C}") = "ETSM", "Assembly-CSharp.csproj", "{2C1A8636-8AA5-DA74-8580-721D16722B22}"
EndProject
Global
	GlobalSection(SolutionConfigurationPlatforms) = preSolution
		Debug|Any CPU = Debug|Any CPU
		Release|Any CPU = Release|Any CPU
	EndGlobalSection
	GlobalSection(ProjectConfigurationPlatforms) = postSolution
		{2C1A8636-8AA5-DA74-8580-721D16722B22}.Debug|Any CPU.ActiveCfg = Debug|Any CPU
		{2C1A8636-8AA5-DA74-8580-721D16722B22}.Debug|Any CPU.Build.0 = Debug|Any CPU
		{2C1A8636-8AA5-DA74-8580-721D16722B22}.Release|Any CPU.ActiveCfg = Release|Any CPU
		{2C1A8636-8AA5-DA74-8580-721D16722B22}.Release|Any CPU.Build.0 = Release|Any CPU
	EndGlobalSection
	GlobalSection(SolutionProperties) = preSolution
		HideSolutionNode = FALSE
	EndGlobalSection
	GlobalSection(MonoDevelopProperties) = preSolution
		StartupItem = Assembly-CSharp.csproj
	EndGlobalSection
EndGlobal
